
Microsoft Visual Studio Solution File, Format Version 12.00
# Visual Studio Version 17
VisualStudioVersion = 17.6.33829.357
MinimumVisualStudioVersion = 10.0.40219.1
Project("{FAE04EC0-301F-11D3-BF4B-00C04F79EFBC}") = "FlowMeterConsoleApp", "FlowMeterConsoleApp\FlowMeterConsoleApp.csproj", "{B98A2CD6-B31B-4A1A-B3A1-23851475578C}"
EndProject
Global
	GlobalSection(SolutionConfigurationPlatforms) = preSolution
		Debug|Any CPU = Debug|Any CPU
		Release|Any CPU = Release|Any CPU
	EndGlobalSection
	GlobalSection(ProjectConfigurationPlatforms) = postSolution
		{B98A2CD6-B31B-4A1A-B3A1-23851475578C}.Debug|Any CPU.ActiveCfg = Debug|Any CPU
		{B98A2CD6-B31B-4A1A-B3A1-23851475578C}.Debug|Any CPU.Build.0 = Debug|Any CPU
		{B98A2CD6-B31B-4A1A-B3A1-23851475578C}.Release|Any CPU.ActiveCfg = Release|Any CPU
		{B98A2CD6-B31B-4A1A-B3A1-23851475578C}.Release|Any CPU.Build.0 = Release|Any CPU
	EndGlobalSection
	GlobalSection(SolutionProperties) = preSolution
		HideSolutionNode = FALSE
	EndGlobalSection
	GlobalSection(ExtensibilityGlobals) = postSolution
		SolutionGuid = {CD803B0D-280C-4568-9061-C0DF55FD8446}
	EndGlobalSection
EndGlobal
